
Microsoft Visual Studio Solution File, Format Version 12.00
# Visual Studio Version 17
VisualStudioVersion = 17.14.36511.14 d17.14
MinimumVisualStudioVersion = 10.0.40219.1
Project("{FAE04EC0-301F-11D3-BF4B-00C04F79EFBC}") = "ServerMysticArea", "ServerMysticArea\ServerMysticArea.csproj", "{59064575-2C44-4994-AF84-181FDED3FEF5}"
EndProject
Global
	GlobalSection(SolutionConfigurationPlatforms) = preSolution
		Debug|Any CPU = Debug|Any CPU
		Release|Any CPU = Release|Any CPU
	EndGlobalSection
	GlobalSection(ProjectConfigurationPlatforms) = postSolution
		{59064575-2C44-4994-AF84-181FDED3FEF5}.Debug|Any CPU.ActiveCfg = Debug|Any CPU
		{59064575-2C44-4994-AF84-181FDED3FEF5}.Debug|Any CPU.Build.0 = Debug|Any CPU
		{59064575-2C44-4994-AF84-181FDED3FEF5}.Release|Any CPU.ActiveCfg = Release|Any CPU
		{59064575-2C44-4994-AF84-181FDED3FEF5}.Release|Any CPU.Build.0 = Release|Any CPU
	EndGlobalSection
	GlobalSection(SolutionProperties) = preSolution
		HideSolutionNode = FALSE
	EndGlobalSection
	GlobalSection(ExtensibilityGlobals) = postSolution
		SolutionGuid = {4E883AE1-4CD8-4CE7-9979-9E4D62419982}
	EndGlobalSection
EndGlobal
